PODS:
  - MBProgressHUD (0.9.1)
  - RESideMenu (4.0.7)
  - SIAlertView (1.3)

DEPENDENCIES:
  - MBProgressHUD (~> 0.9)
  - RESideMenu (~> 4.0)
  - SIAlertView (~> 1.3)

SPEC CHECKSUMS:
  MBProgressHUD: c47f2c166c126cf2ce36498d80f33e754d4e93ad
  RESideMenu: f24c508404b49c667344c54aba7e590883533958
  SIAlertView: 20c794b55eaf44d888773ea51647cf8907723919

COCOAPODS: 0.39.0
